
Microsoft Visual Studio Solution File, Format Version 12.00
# Visual Studio 2012
Project("{FAE04EC0-301F-11D3-BF4B-00C04F79EFBC}") = "TestVersionControl", "TestVersionControl\TestVersionControl.csproj", "{0C71E7B5-E9AB-48A0-A7E6-A7501B7ED66B}"
EndProject
Project("{FAE04EC0-301F-11D3-BF4B-00C04F79EFBC}") = "TestVersionControl.iOS", "TestVersionControl.iOS\TestVersionControl.iOS.csproj", "{6B843C59-F1D0-4BA4-87AD-00D3D587DB03}"
EndProject
Project("{FAE04EC0-301F-11D3-BF4B-00C04F79EFBC}") = "TestVersionControl.Droid", "TestVersionControl.Droid\TestVersionControl.Droid.csproj", "{DFCABC0A-96E9-48DD-856C-17DC2D098348}"
EndProject
Global
	GlobalSection(SolutionConfigurationPlatforms) = preSolution
		Debug|Any CPU = Debug|Any CPU
		Release|Any CPU = Release|Any CPU
		Debug|iPhoneSimulator = Debug|iPhoneSimulator
		Release|iPhone = Release|iPhone
		Release|iPhoneSimulator = Release|iPhoneSimulator
		Debug|iPhone = Debug|iPhone
	EndGlobalSection
	GlobalSection(ProjectConfigurationPlatforms) = postSolution
		{0C71E7B5-E9AB-48A0-A7E6-A7501B7ED66B}.Debug|Any CPU.ActiveCfg = Debug|Any CPU
		{0C71E7B5-E9AB-48A0-A7E6-A7501B7ED66B}.Debug|Any CPU.Build.0 = Debug|Any CPU
		{0C71E7B5-E9AB-48A0-A7E6-A7501B7ED66B}.Release|Any CPU.ActiveCfg = Release|Any CPU
		{0C71E7B5-E9AB-48A0-A7E6-A7501B7ED66B}.Release|Any CPU.Build.0 = Release|Any CPU
		{0C71E7B5-E9AB-48A0-A7E6-A7501B7ED66B}.Debug|iPhoneSimulator.ActiveCfg = Debug|Any CPU
		{0C71E7B5-E9AB-48A0-A7E6-A7501B7ED66B}.Debug|iPhoneSimulator.Build.0 = Debug|Any CPU
		{0C71E7B5-E9AB-48A0-A7E6-A7501B7ED66B}.Release|iPhone.ActiveCfg = Release|Any CPU
		{0C71E7B5-E9AB-48A0-A7E6-A7501B7ED66B}.Release|iPhone.Build.0 = Release|Any CPU
		{0C71E7B5-E9AB-48A0-A7E6-A7501B7ED66B}.Release|iPhoneSimulator.ActiveCfg = Release|Any CPU
		{0C71E7B5-E9AB-48A0-A7E6-A7501B7ED66B}.Release|iPhoneSimulator.Build.0 = Release|Any CPU
		{0C71E7B5-E9AB-48A0-A7E6-A7501B7ED66B}.Debug|iPhone.ActiveCfg = Debug|Any CPU
		{0C71E7B5-E9AB-48A0-A7E6-A7501B7ED66B}.Debug|iPhone.Build.0 = Debug|Any CPU
		{6B843C59-F1D0-4BA4-87AD-00D3D587DB03}.Debug|Any CPU.ActiveCfg = Debug|iPhoneSimulator
		{6B843C59-F1D0-4BA4-87AD-00D3D587DB03}.Debug|Any CPU.Build.0 = Debug|iPhoneSimulator
		{6B843C59-F1D0-4BA4-87AD-00D3D587DB03}.Release|Any CPU.ActiveCfg = Release|iPhone
		{6B843C59-F1D0-4BA4-87AD-00D3D587DB03}.Release|Any CPU.Build.0 = Release|iPhone
		{6B843C59-F1D0-4BA4-87AD-00D3D587DB03}.Debug|iPhoneSimulator.ActiveCfg = Debug|iPhoneSimulator
		{6B843C59-F1D0-4BA4-87AD-00D3D587DB03}.Debug|iPhoneSimulator.Build.0 = Debug|iPhoneSimulator
		{6B843C59-F1D0-4BA4-87AD-00D3D587DB03}.Release|iPhone.ActiveCfg = Release|iPhone
		{6B843C59-F1D0-4BA4-87AD-00D3D587DB03}.Release|iPhone.Build.0 = Release|iPhone
		{6B843C59-F1D0-4BA4-87AD-00D3D587DB03}.Release|iPhoneSimulator.ActiveCfg = Release|iPhoneSimulator
		{6B843C59-F1D0-4BA4-87AD-00D3D587DB03}.Release|iPhoneSimulator.Build.0 = Release|iPhoneSimulator
		{6B843C59-F1D0-4BA4-87AD-00D3D587DB03}.Debug|iPhone.ActiveCfg = Debug|iPhone
		{6B843C59-F1D0-4BA4-87AD-00D3D587DB03}.Debug|iPhone.Build.0 = Debug|iPhone
		{DFCABC0A-96E9-48DD-856C-17DC2D098348}.Debug|Any CPU.ActiveCfg = Debug|Any CPU
		{DFCABC0A-96E9-48DD-856C-17DC2D098348}.Debug|Any CPU.Build.0 = Debug|Any CPU
		{DFCABC0A-96E9-48DD-856C-17DC2D098348}.Release|Any CPU.ActiveCfg = Release|Any CPU
		{DFCABC0A-96E9-48DD-856C-17DC2D098348}.Release|Any CPU.Build.0 = Release|Any CPU
		{DFCABC0A-96E9-48DD-856C-17DC2D098348}.Debug|iPhoneSimulator.ActiveCfg = Debug|Any CPU
		{DFCABC0A-96E9-48DD-856C-17DC2D098348}.Debug|iPhoneSimulator.Build.0 = Debug|Any CPU
		{DFCABC0A-96E9-48DD-856C-17DC2D098348}.Release|iPhone.ActiveCfg = Release|Any CPU
		{DFCABC0A-96E9-48DD-856C-17DC2D098348}.Release|iPhone.Build.0 = Release|Any CPU
		{DFCABC0A-96E9-48DD-856C-17DC2D098348}.Release|iPhoneSimulator.ActiveCfg = Release|Any CPU
		{DFCABC0A-96E9-48DD-856C-17DC2D098348}.Release|iPhoneSimulator.Build.0 = Release|Any CPU
		{DFCABC0A-96E9-48DD-856C-17DC2D098348}.Debug|iPhone.ActiveCfg = Debug|Any CPU
		{DFCABC0A-96E9-48DD-856C-17DC2D098348}.Debug|iPhone.Build.0 = Debug|Any CPU
	EndGlobalSection
EndGlobal
